
Microsoft Visual Studio Solution File, Format Version 12.00
# Visual Studio Version 16
VisualStudioVersion = 16.0.30907.101
MinimumVisualStudioVersion = 10.0.40219.1
Project("{FAE04EC0-301F-11D3-BF4B-00C04F79EFBC}") = "MyDictionary", "MyDictionary\MyDictionary.csproj", "{7615B97F-953C-42CA-9535-2FD049D0B9DF}"
EndProject
Global
	GlobalSection(SolutionConfigurationPlatforms) = preSolution
		Debug|Any CPU = Debug|Any CPU
		Release|Any CPU = Release|Any CPU
	EndGlobalSection
	GlobalSection(ProjectConfigurationPlatforms) = postSolution
		{7615B97F-953C-42CA-9535-2FD049D0B9DF}.Debug|Any CPU.ActiveCfg = Debug|Any CPU
		{7615B97F-953C-42CA-9535-2FD049D0B9DF}.Debug|Any CPU.Build.0 = Debug|Any CPU
		{7615B97F-953C-42CA-9535-2FD049D0B9DF}.Release|Any CPU.ActiveCfg = Release|Any CPU
		{7615B97F-953C-42CA-9535-2FD049D0B9DF}.Release|Any CPU.Build.0 = Release|Any CPU
	EndGlobalSection
	GlobalSection(SolutionProperties) = preSolution
		HideSolutionNode = FALSE
	EndGlobalSection
	GlobalSection(ExtensibilityGlobals) = postSolution
		SolutionGuid = {F53BCC7B-6F36-4010-B029-C0CAFC9305F7}
	EndGlobalSection
EndGlobal
